
Microsoft Visual Studio Solution File, Format Version 12.00
# Visual Studio Version 16
VisualStudioVersion = 16.0.31005.135
MinimumVisualStudioVersion = 10.0.40219.1
Project("{2150E333-8FDC-42A3-9474-1A3956D46DE8}") = "src", "src", "{EAE6F31A-0BFC-4F74-A296-2EBB72B3F88B}"
EndProject
Project("{9A19103F-16F7-4668-BE54-9A1E7A4F7556}") = "SuperMarket.Entities", "SuperMarket.Entities\SuperMarket.Entities.csproj", "{19E7BD4F-E268-45B3-BFC6-16BD6E097AE3}"
EndProject
Project("{9A19103F-16F7-4668-BE54-9A1E7A4F7556}") = "SuperMarket.Services", "SuperMarket.Services\SuperMarket.Services.csproj", "{834BB0E5-6241-491C-9B20-B7A3794AA349}"
EndProject
Project("{9A19103F-16F7-4668-BE54-9A1E7A4F7556}") = "SuperMarket.Infrastructure", "SuperMarket.Infrastructure\SuperMarket.Infrastructure.csproj", "{2030009B-64EE-490F-AAAA-8F1B357BD3F8}"
EndProject
Project("{9A19103F-16F7-4668-BE54-9A1E7A4F7556}") = "SuperMarket.Persistence.EF", "SuperMarket.Persistence.EF\SuperMarket.Persistence.EF.csproj", "{CE0372DC-8E85-4002-A5D1-625EB4687344}"
EndProject
Project("{9A19103F-16F7-4668-BE54-9A1E7A4F7556}") = "SuperMarket.Migrations", "SuperMarket.Migrations\SuperMarket.Migrations.csproj", "{AD0281DA-D760-4B82-875F-82458E20FF69}"
EndProject
Project("{9A19103F-16F7-4668-BE54-9A1E7A4F7556}") = "SuperMarket.RestApi", "SuperMarket.RestApi\SuperMarket.RestApi.csproj", "{36569139-922F-4F89-8C6D-D12EB1AB1F43}"
EndProject
Global
	GlobalSection(SolutionConfigurationPlatforms) = preSolution
		Debug|Any CPU = Debug|Any CPU
		Release|Any CPU = Release|Any CPU
	EndGlobalSection
	GlobalSection(ProjectConfigurationPlatforms) = postSolution
		{19E7BD4F-E268-45B3-BFC6-16BD6E097AE3}.Debug|Any CPU.ActiveCfg = Debug|Any CPU
		{19E7BD4F-E268-45B3-BFC6-16BD6E097AE3}.Debug|Any CPU.Build.0 = Debug|Any CPU
		{19E7BD4F-E268-45B3-BFC6-16BD6E097AE3}.Release|Any CPU.ActiveCfg = Release|Any CPU
		{19E7BD4F-E268-45B3-BFC6-16BD6E097AE3}.Release|Any CPU.Build.0 = Release|Any CPU
		{834BB0E5-6241-491C-9B20-B7A3794AA349}.Debug|Any CPU.ActiveCfg = Debug|Any CPU
		{834BB0E5-6241-491C-9B20-B7A3794AA349}.Debug|Any CPU.Build.0 = Debug|Any CPU
		{834BB0E5-6241-491C-9B20-B7A3794AA349}.Release|Any CPU.ActiveCfg = Release|Any CPU
		{834BB0E5-6241-491C-9B20-B7A3794AA349}.Release|Any CPU.Build.0 = Release|Any CPU
		{2030009B-64EE-490F-AAAA-8F1B357BD3F8}.Debug|Any CPU.ActiveCfg = Debug|Any CPU
		{2030009B-64EE-490F-AAAA-8F1B357BD3F8}.Debug|Any CPU.Build.0 = Debug|Any CPU
		{2030009B-64EE-490F-AAAA-8F1B357BD3F8}.Release|Any CPU.ActiveCfg = Release|Any CPU
		{2030009B-64EE-490F-AAAA-8F1B357BD3F8}.Release|Any CPU.Build.0 = Release|Any CPU
		{CE0372DC-8E85-4002-A5D1-625EB4687344}.Debug|Any CPU.ActiveCfg = Debug|Any CPU
		{CE0372DC-8E85-4002-A5D1-625EB4687344}.Debug|Any CPU.Build.0 = Debug|Any CPU
		{CE0372DC-8E85-4002-A5D1-625EB4687344}.Release|Any CPU.ActiveCfg = Release|Any CPU
		{CE0372DC-8E85-4002-A5D1-625EB4687344}.Release|Any CPU.Build.0 = Release|Any CPU
		{AD0281DA-D760-4B82-875F-82458E20FF69}.Debug|Any CPU.ActiveCfg = Debug|Any CPU
		{AD0281DA-D760-4B82-875F-82458E20FF69}.Debug|Any CPU.Build.0 = Debug|Any CPU
		{AD0281DA-D760-4B82-875F-82458E20FF69}.Release|Any CPU.ActiveCfg = Release|Any CPU
		{AD0281DA-D760-4B82-875F-82458E20FF69}.Release|Any CPU.Build.0 = Release|Any CPU
		{36569139-922F-4F89-8C6D-D12EB1AB1F43}.Debug|Any CPU.ActiveCfg = Debug|Any CPU
		{36569139-922F-4F89-8C6D-D12EB1AB1F43}.Debug|Any CPU.Build.0 = Debug|Any CPU
		{36569139-922F-4F89-8C6D-D12EB1AB1F43}.Release|Any CPU.ActiveCfg = Release|Any CPU
		{36569139-922F-4F89-8C6D-D12EB1AB1F43}.Release|Any CPU.Build.0 = Release|Any CPU
	EndGlobalSection
	GlobalSection(SolutionProperties) = preSolution
		HideSolutionNode = FALSE
	EndGlobalSection
	GlobalSection(NestedProjects) = preSolution
		{19E7BD4F-E268-45B3-BFC6-16BD6E097AE3} = {EAE6F31A-0BFC-4F74-A296-2EBB72B3F88B}
		{834BB0E5-6241-491C-9B20-B7A3794AA349} = {EAE6F31A-0BFC-4F74-A296-2EBB72B3F88B}
		{2030009B-64EE-490F-AAAA-8F1B357BD3F8} = {EAE6F31A-0BFC-4F74-A296-2EBB72B3F88B}
		{CE0372DC-8E85-4002-A5D1-625EB4687344} = {EAE6F31A-0BFC-4F74-A296-2EBB72B3F88B}
		{AD0281DA-D760-4B82-875F-82458E20FF69} = {EAE6F31A-0BFC-4F74-A296-2EBB72B3F88B}
		{36569139-922F-4F89-8C6D-D12EB1AB1F43} = {EAE6F31A-0BFC-4F74-A296-2EBB72B3F88B}
	EndGlobalSection
	GlobalSection(ExtensibilityGlobals) = postSolution
		SolutionGuid = {D2357F4E-87E4-4C8B-AFB1-1B04F31BD71F}
	EndGlobalSection
EndGlobal
